// !$*UTF8*$!
{
	archiveVersion = 1;
	classes = {
	};
	objectVersion = 56;
	objects = {

/* Begin PBXBuildFile section */
		6251E4EB2AA71D38005C4093 /* AppDelegate.swift in Sources */ = {isa = PBXBuildFile; fileRef = 6251E4EA2AA71D38005C4093 /* AppDelegate.swift */; };
		6251E4ED2AA71D38005C4093 /* SceneDelegate.swift in Sources */ = {isa = PBXBuildFile; fileRef = 6251E4EC2AA71D38005C4093 /* SceneDelegate.swift */; };
		6251E4EF2AA71D38005C4093 /* ViewController.swift in Sources */ = {isa = PBXBuildFile; fileRef = 6251E4EE2AA71D38005C4093 /* ViewController.swift */; };
		6251E4F22AA71D38005C4093 /* Main.storyboard in Resources */ = {isa = PBXBuildFile; fileRef = 6251E4F02AA71D38005C4093 /* Main.storyboard */; };
		6251E4F42AA71D3A005C4093 /* Assets.xcassets in Resources */ = {isa = PBXBuildFile; fileRef = 6251E4F32AA71D3A005C4093 /* Assets.xcassets */; };
		6251E4F72AA71D3A005C4093 /* LaunchScreen.storyboard in Resources */ = {isa = PBXBuildFile; fileRef = 6251E4F52AA71D3A005C4093 /* LaunchScreen.storyboard */; };
		6251E5022AA7286F005C4093 /* rainy.json in Resources */ = {isa = PBXBuildFile; fileRef = 6251E4FF2AA7286F005C4093 /* rainy.json */; };
		6251E5032AA7286F005C4093 /* sunny.json in Resources */ = {isa = PBXBuildFile; fileRef = 6251E5002AA7286F005C4093 /* sunny.json */; };
		6251E5042AA7286F005C4093 /* Cloud.json in Resources */ = {isa = PBXBuildFile; fileRef = 6251E5012AA7286F005C4093 /* Cloud.json */; };
		6251E5072AA728F2005C4093 /* Lottie in Frameworks */ = {isa = PBXBuildFile; productRef = 6251E5062AA728F2005C4093 /* Lottie */; };
/* End PBXBuildFile section */

/* Begin PBXFileReference section */
		6251E4E72AA71D38005C4093 /* task4_app.app */ = {isa = PBXFileReference; explicitFileType = wrapper.application; includeInIndex = 0; path = task4_app.app; sourceTree = BUILT_PRODUCTS_DIR; };
		6251E4EA2AA71D38005C4093 /* AppDelegate.swift */ = {isa = PBXFileReference; lastKnownFileType = sourcecode.swift; path = AppDelegate.swift; sourceTree = "<group>"; };
		6251E4EC2AA71D38005C4093 /* SceneDelegate.swift */ = {isa = PBXFileReference; lastKnownFileType = sourcecode.swift; path = SceneDelegate.swift; sourceTree = "<group>"; };
		6251E4EE2AA71D38005C4093 /* ViewController.swift */ = {isa = PBXFileReference; lastKnownFileType = sourcecode.swift; path = ViewController.swift; sourceTree = "<group>"; };
		6251E4F12AA71D38005C4093 /* Base */ = {isa = PBXFileReference; lastKnownFileType = file.storyboard; name = Base; path = Base.lproj/Main.storyboard; sourceTree = "<group>"; };
		6251E4F32AA71D3A005C4093 /* Assets.xcassets */ = {isa = PBXFileReference; lastKnownFileType = folder.assetcatalog; path = Assets.xcassets; sourceTree = "<group>"; };
		6251E4F62AA71D3A005C4093 /* Base */ = {isa = PBXFileReference; lastKnownFileType = file.storyboard; name = Base; path = Base.lproj/LaunchScreen.storyboard; sourceTree = "<group>"; };
		6251E4F82AA71D3A005C4093 /* Info.plist */ = {isa = PBXFileReference; lastKnownFileType = text.plist.xml; path = Info.plist; sourceTree = "<group>"; };
		6251E4FF2AA7286F005C4093 /* rainy.json */ = {isa = PBXFileReference; fileEncoding = 4; lastKnownFileType = text.json; path = rainy.json; sourceTree = "<group>"; };
		6251E5002AA7286F005C4093 /* sunny.json */ = {isa = PBXFileReference; fileEncoding = 4; lastKnownFileType = text.json; path = sunny.json; sourceTree = "<group>"; };
		6251E5012AA7286F005C4093 /* Cloud.json */ = {isa = PBXFileReference; fileEncoding = 4; lastKnownFileType = text.json; path = Cloud.json; sourceTree = "<group>"; };
/* End PBXFileReference section */

/* Begin PBXFrameworksBuildPhase section */
		6251E4E42AA71D38005C4093 /* Frameworks */ = {
			isa = PBXFrameworksBuildPhase;
			buildActionMask = 2147483647;
			files = (
				6251E5072AA728F2005C4093 /* Lottie in Frameworks */,
			);
			runOnlyForDeploymentPostprocessing = 0;
		};
/* End PBXFrameworksBuildPhase section */

/* Begin PBXGroup section */
		6251E4DE2AA71D38005C4093 = {
			isa = PBXGroup;
			children = (
				6251E4FE2AA72862005C4093 /* Animations */,
				6251E4E92AA71D38005C4093 /* task4_app */,
				6251E4E82AA71D38005C4093 /* Products */,
			);
			sourceTree = "<group>";
		};
		6251E4E82AA71D38005C4093 /* Products */ = {
			isa = PBXGroup;
			children = (
				6251E4E72AA71D38005C4093 /* task4_app.app */,
			);
			name = Products;
			sourceTree = "<group>";
		};
		6251E4E92AA71D38005C4093 /* task4_app */ = {
			isa = PBXGroup;
			children = (
				6251E4EA2AA71D38005C4093 /* AppDelegate.swift */,
				6251E4EC2AA71D38005C4093 /* SceneDelegate.swift */,
				6251E4EE2AA71D38005C4093 /* ViewController.swift */,
				6251E4F02AA71D38005C4093 /* Main.storyboard */,
				6251E4F32AA71D3A005C4093 /* Assets.xcassets */,
				6251E4F52AA71D3A005C4093 /* LaunchScreen.storyboard */,
				6251E4F82AA71D3A005C4093 /* Info.plist */,
			);
			path = task4_app;
			sourceTree = "<group>";
		};
		6251E4FE2AA72862005C4093 /* Animations */ = {
			isa = PBXGroup;
			children = (
				6251E5012AA7286F005C4093 /* Cloud.json */,
				6251E4FF2AA7286F005C4093 /* rainy.json */,
				6251E5002AA7286F005C4093 /* sunny.json */,
			);
			path = Animations;
			sourceTree = "<group>";
		};
/* End PBXGroup section */

/* Begin PBXNativeTarget section */
		6251E4E62AA71D38005C4093 /* task4_app */ = {
			isa = PBXNativeTarget;
			buildConfigurationList = 6251E4FB2AA71D3A005C4093 /* Build configuration list for PBXNativeTarget "task4_app" */;
			buildPhases = (
				6251E4E32AA71D38005C4093 /* Sources */,
				6251E4E42AA71D38005C4093 /* Frameworks */,
				6251E4E52AA71D38005C4093 /* Resources */,
			);
			buildRules = (
			);
			dependencies = (
			);
			name = task4_app;
			packageProductDependencies = (
				6251E5062AA728F2005C4093 /* Lottie */,
			);
			productName = task4_app;
			productReference = 6251E4E72AA71D38005C4093 /* task4_app.app */;
			productType = "com.apple.product-type.application";
		};
/* End PBXNativeTarget section */

/* Begin PBXProject section */
		6251E4DF2AA71D38005C4093 /* Project object */ = {
			isa = PBXProject;
			attributes = {
				BuildIndependentTargetsInParallel = 1;
				LastSwiftUpdateCheck = 1430;
				LastUpgradeCheck = 1430;
				TargetAttributes = {
					6251E4E62AA71D38005C4093 = {
						CreatedOnToolsVersion = 14.3.1;
					};
				};
			};
			buildConfigurationList = 6251E4E22AA71D38005C4093 /* Build configuration list for PBXProject "task4_app" */;
			compatibilityVersion = "Xcode 14.0";
			developmentRegion = en;
			hasScannedForEncodings = 0;
			knownRegions = (
				en,
				Base,
			);
			mainGroup = 6251E4DE2AA71D38005C4093;
			packageReferences = (
				6251E5052AA728F2005C4093 /* XCRemoteSwiftPackageReference "lottie-ios" */,
			);
			productRefGroup = 6251E4E82AA71D38005C4093 /* Products */;
			projectDirPath = "";
			projectRoot = "";
			targets = (
				6251E4E62AA71D38005C4093 /* task4_app */,
			);
		};
/* End PBXProject section */

/* Begin PBXResourcesBuildPhase section */
		6251E4E52AA71D38005C4093 /* Resources */ = {
			isa = PBXResourcesBuildPhase;
			buildActionMask = 2147483647;
			files = (
				6251E4F72AA71D3A005C4093 /* LaunchScreen.storyboard in Resources */,
				6251E5022AA7286F005C4093 /* rainy.json in Resources */,
				6251E5032AA7286F005C4093 /* sunny.json in Resources */,
				6251E4F42AA71D3A005C4093 /* Assets.xcassets in Resources */,
				6251E4F22AA71D38005C4093 /* Main.storyboard in Resources */,
				6251E5042AA7286F005C4093 /* Cloud.json in Resources */,
			);
			runOnlyForDeploymentPostprocessing = 0;
		};
/* End PBXResourcesBuildPhase section */

/* Begin PBXSourcesBuildPhase section */
		6251E4E32AA71D38005C4093 /* Sources */ = {
			isa = PBXSourcesBuildPhase;
			buildActionMask = 2147483647;
			files = (
				6251E4EF2AA71D38005C4093 /* ViewController.swift in Sources */,
				6251E4EB2AA71D38005C4093 /* AppDelegate.swift in Sources */,
				6251E4ED2AA71D38005C4093 /* SceneDelegate.swift in Sources */,
			);
			runOnlyForDeploymentPostprocessing = 0;
		};
/* End PBXSourcesBuildPhase section */

/* Begin PBXVariantGroup section */
		6251E4F02AA71D38005C4093 /* Main.storyboard */ = {
			isa = PBXVariantGroup;
			children = (
				6251E4F12AA71D38005C4093 /* Base */,
			);
			name = Main.storyboard;
			sourceTree = "<group>";
		};
		6251E4F52AA71D3A005C4093 /* LaunchScreen.storyboard */ = {
			isa = PBXVariantGroup;
			children = (
				6251E4F62AA71D3A005C4093 /* Base */,
			);
			name = LaunchScreen.storyboard;
			sourceTree = "<group>";
		};
/* End PBXVariantGroup section */

/* Begin XCBuildConfiguration section */
		6251E4F92AA71D3A005C4093 /* Debug */ = {
			isa = XCBuildConfiguration;
			buildSettings = {
				ALWAYS_SEARCH_USER_PATHS = NO;
				CLANG_ANALYZER_NONNULL = YES;
				CLANG_ANALYZER_NUMBER_OBJECT_CONVERSION = YES_AGGRESSIVE;
				CLANG_CXX_LANGUAGE_STANDARD = "gnu++20";
				CLANG_ENABLE_MODULES = YES;
				CLANG_ENABLE_OBJC_ARC = YES;
				CLANG_ENABLE_OBJC_WEAK = YES;
				CLANG_WARN_BLOCK_CAPTURE_AUTORELEASING = YES;
				CLANG_WARN_BOOL_CONVERSION = YES;
				CLANG_WARN_COMMA = YES;
				CLANG_WARN_CONSTANT_CONVERSION = YES;
				CLANG_WARN_DEPRECATED_OBJC_IMPLEMENTATIONS = YES;
				CLANG_WARN_DIRECT_OBJC_ISA_USAGE = YES_ERROR;
				CLANG_WARN_DOCUMENTATION_COMMENTS = YES;
				CLANG_WARN_EMPTY_BODY = YES;
				CLANG_WARN_ENUM_CONVERSION = YES;
				CLANG_WARN_INFINITE_RECURSION = YES;
				CLANG_WARN_INT_CONVERSION = YES;
				CLANG_WARN_NON_LITERAL_NULL_CONVERSION = YES;
				CLANG_WARN_OBJC_IMPLICIT_RETAIN_SELF = YES;
				CLANG_WARN_OBJC_LITERAL_CONVERSION = YES;
				CLANG_WARN_OBJC_ROOT_CLASS = YES_ERROR;
				CLANG_WARN_QUOTED_INCLUDE_IN_FRAMEWORK_HEADER = YES;
				CLANG_WARN_RANGE_LOOP_ANALYSIS = YES;
				CLANG_WARN_STRICT_PROTOTYPES = YES;
				CLANG_WARN_SUSPICIOUS_MOVE = YES;
				CLANG_WARN_UNGUARDED_AVAILABILITY = YES_AGGRESSIVE;
				CLANG_WARN_UNREACHABLE_CODE = YES;
				CLANG_WARN__DUPLICATE_METHOD_MATCH = YES;
				COPY_PHASE_STRIP = NO;
				DEBUG_INFORMATION_FORMAT = dwarf;
				ENABLE_STRICT_OBJC_MSGSEND = YES;
				ENABLE_TESTABILITY = YES;
				GCC_C_LANGUAGE_STANDARD = gnu11;
				GCC_DYNAMIC_NO_PIC = NO;
				GCC_NO_COMMON_BLOCKS = YES;
				GCC_OPTIMIZATION_LEVEL = 0;
				GCC_PREPROCESSOR_DEFINITIONS = (
					"DEBUG=1",
					"$(inherited)",
				);
				GCC_WARN_64_TO_32_BIT_CONVERSION = YES;
				GCC_WARN_ABOUT_RETURN_TYPE = YES_ERROR;
				GCC_WARN_UNDECLARED_SELECTOR = YES;
				GCC_WARN_UNINITIALIZED_AUTOS = YES_AGGRESSIVE;
				GCC_WARN_UNUSED_FUNCTION = YES;
				GCC_WARN_UNUSED_VARIABLE = YES;
				IPHONEOS_DEPLOYMENT_TARGET = 16.4;
				MTL_ENABLE_DEBUG_INFO = INCLUDE_SOURCE;
				MTL_FAST_MATH = YES;
				ONLY_ACTIVE_ARCH = YES;
				SDKROOT = iphoneos;
				SWIFT_ACTIVE_COMPILATION_CONDITIONS = DEBUG;
				SWIFT_OPTIMIZATION_LEVEL = "-Onone";
			};
			name = Debug;
		};
		6251E4FA2AA71D3A005C4093 /* Release */ = {
			isa = XCBuildConfiguration;
			buildSettings = {
				ALWAYS_SEARCH_USER_PATHS = NO;
				CLANG_ANALYZER_NONNULL = YES;
				CLANG_ANALYZER_NUMBER_OBJECT_CONVERSION = YES_AGGRESSIVE;
				CLANG_CXX_LANGUAGE_STANDARD = "gnu++20";
				CLANG_ENABLE_MODULES = YES;
				CLANG_ENABLE_OBJC_ARC = YES;
				CLANG_ENABLE_OBJC_WEAK = YES;
				CLANG_WARN_BLOCK_CAPTURE_AUTORELEASING = YES;
				CLANG_WARN_BOOL_CONVERSION = YES;
				CLANG_WARN_COMMA = YES;
				CLANG_WARN_CONSTANT_CONVERSION = YES;
				CLANG_WARN_DEPRECATED_OBJC_IMPLEMENTATIONS = YES;
				CLANG_WARN_DIRECT_OBJC_ISA_USAGE = YES_ERROR;
				CLANG_WARN_DOCUMENTATION_COMMENTS = YES;
				CLANG_WARN_EMPTY_BODY = YES;
				CLANG_WARN_ENUM_CONVERSION = YES;
				CLANG_WARN_INFINITE_RECURSION = YES;
				CLANG_WARN_INT_CONVERSION = YES;
				CLANG_WARN_NON_LITERAL_NULL_CONVERSION = YES;
				CLANG_WARN_OBJC_IMPLICIT_RETAIN_SELF = YES;
				CLANG_WARN_OBJC_LITERAL_CONVERSION = YES;
				CLANG_WARN_OBJC_ROOT_CLASS = YES_ERROR;
				CLANG_WARN_QUOTED_INCLUDE_IN_FRAMEWORK_HEADER = YES;
				CLANG_WARN_RANGE_LOOP_ANALYSIS = YES;
				CLANG_WARN_STRICT_PROTOTYPES = YES;
				CLANG_WARN_SUSPICIOUS_MOVE = YES;
				CLANG_WARN_UNGUARDED_AVAILABILITY = YES_AGGRESSIVE;
				CLANG_WARN_UNREACHABLE_CODE = YES;
				CLANG_WARN__DUPLICATE_METHOD_MATCH = YES;
				COPY_PHASE_STRIP = NO;
				DEBUG_INFORMATION_FORMAT = "dwarf-with-dsym";
				ENABLE_NS_ASSERTIONS = NO;
				ENABLE_STRICT_OBJC_MSGSEND = YES;
				GCC_C_LANGUAGE_STANDARD = gnu11;
				GCC_NO_COMMON_BLOCKS = YES;
				GCC_WARN_64_TO_32_BIT_CONVERSION = YES;
				GCC_WARN_ABOUT_RETURN_TYPE = YES_ERROR;
				GCC_WARN_UNDECLARED_SELECTOR = YES;
				GCC_WARN_UNINITIALIZED_AUTOS = YES_AGGRESSIVE;
				GCC_WARN_UNUSED_FUNCTION = YES;
				GCC_WARN_UNUSED_VARIABLE = YES;
				IPHONEOS_DEPLOYMENT_TARGET = 16.4;
				MTL_ENABLE_DEBUG_INFO = NO;
				MTL_FAST_MATH = YES;
				SDKROOT = iphoneos;
				SWIFT_COMPILATION_MODE = wholemodule;
				SWIFT_OPTIMIZATION_LEVEL = "-O";
				VALIDATE_PRODUCT = YES;
			};
			name = Release;
		};
		6251E4FC2AA71D3A005C4093 /* Debug */ = {
			isa = XCBuildConfiguration;
			buildSettings = {
				ASSETCATALOG_COMPILER_APPICON_NAME = AppIcon;
				ASSETCATALOG_COMPILER_GLOBAL_ACCENT_COLOR_NAME = AccentColor;
				CODE_SIGN_STYLE = Automatic;
				CURRENT_PROJECT_VERSION = 1;
				GENERATE_INFOPLIST_FILE = YES;
				INFOPLIST_FILE = task4_app/Info.plist;
				INFOPLIST_KEY_NSLocationWhenInUseUsageDescription = "We need your location";
				INFOPLIST_KEY_UIApplicationSupportsIndirectInputEvents = YES;
				INFOPLIST_KEY_UILaunchStoryboardName = LaunchScreen;
				INFOPLIST_KEY_UIMainStoryboardFile = Main;
				INFOPLIST_KEY_UISupportedInterfaceOrientations_iPad = "UIInterfaceOrientationPortrait UIInterfaceOrientationPortraitUpsideDown UIInterfaceOrientationLandscapeLeft UIInterfaceOrientationLandscapeRight";
				INFOPLIST_KEY_UISupportedInterfaceOrientations_iPhone = "UIInterfaceOrientationPortrait UIInterfaceOrientationLandscapeLeft UIInterfaceOrientationLandscapeRight";
				LD_RUNPATH_SEARCH_PATHS = (
					"$(inherited)",
					"@executable_path/Frameworks",
				);
				MARKETING_VERSION = 1.0;
				PRODUCT_BUNDLE_IDENTIFIER = "ncancay.task4-app";
				PRODUCT_NAME = "$(TARGET_NAME)";
				SWIFT_EMIT_LOC_STRINGS = YES;
				SWIFT_VERSION = 5.0;
				TARGETED_DEVICE_FAMILY = "1,2";
			};
			name = Debug;
		};
		6251E4FD2AA71D3A005C4093 /* Release */ = {
			isa = XCBuildConfiguration;
			buildSettings = {
				ASSETCATALOG_COMPILER_APPICON_NAME = AppIcon;
				ASSETCATALOG_COMPILER_GLOBAL_ACCENT_COLOR_NAME = AccentColor;
				CODE_SIGN_STYLE = Automatic;
				CURRENT_PROJECT_VERSION = 1;
				GENERATE_INFOPLIST_FILE = YES;
				INFOPLIST_FILE = task4_app/Info.plist;
				INFOPLIST_KEY_NSLocationWhenInUseUsageDescription = "We need your location";
				INFOPLIST_KEY_UIApplicationSupportsIndirectInputEvents = YES;
				INFOPLIST_KEY_UILaunchStoryboardName = LaunchScreen;
				INFOPLIST_KEY_UIMainStoryboardFile = Main;
				INFOPLIST_KEY_UISupportedInterfaceOrientations_iPad = "UIInterfaceOrientationPortrait UIInterfaceOrientationPortraitUpsideDown UIInterfaceOrientationLandscapeLeft UIInterfaceOrientationLandscapeRight";
				INFOPLIST_KEY_UISupportedInterfaceOrientations_iPhone = "UIInterfaceOrientationPortrait UIInterfaceOrientationLandscapeLeft UIInterfaceOrientationLandscapeRight";
				LD_RUNPATH_SEARCH_PATHS = (
					"$(inherited)",
					"@executable_path/Frameworks",
				);
				MARKETING_VERSION = 1.0;
				PRODUCT_BUNDLE_IDENTIFIER = "ncancay.task4-app";
				PRODUCT_NAME = "$(TARGET_NAME)";
				SWIFT_EMIT_LOC_STRINGS = YES;
				SWIFT_VERSION = 5.0;
				TARGETED_DEVICE_FAMILY = "1,2";
			};
			name = Release;
		};
/* End XCBuildConfiguration section */

/* Begin XCConfigurationList section */
		6251E4E22AA71D38005C4093 /* Build configuration list for PBXProject "task4_app" */ = {
			isa = XCConfigurationList;
			buildConfigurations = (
				6251E4F92AA71D3A005C4093 /* Debug */,
				6251E4FA2AA71D3A005C4093 /* Release */,
			);
			defaultConfigurationIsVisible = 0;
			defaultConfigurationName = Release;
		};
		6251E4FB2AA71D3A005C4093 /* Build configuration list for PBXNativeTarget "task4_app" */ = {
			isa = XCConfigurationList;
			buildConfigurations = (
				6251E4FC2AA71D3A005C4093 /* Debug */,
				6251E4FD2AA71D3A005C4093 /* Release */,
			);
			defaultConfigurationIsVisible = 0;
			defaultConfigurationName = Release;
		};
/* End XCConfigurationList section */

/* Begin XCRemoteSwiftPackageReference section */
		6251E5052AA728F2005C4093 /* XCRemoteSwiftPackageReference "lottie-ios" */ = {
			isa = XCRemoteSwiftPackageReference;
			repositoryURL = "https://github.com/airbnb/lottie-ios.git";
			requirement = {
				kind = upToNextMajorVersion;
				minimumVersion = 4.0.0;
			};
		};
/* End XCRemoteSwiftPackageReference section */

/* Begin XCSwiftPackageProductDependency section */
		6251E5062AA728F2005C4093 /* Lottie */ = {
			isa = XCSwiftPackageProductDependency;
			package = 6251E5052AA728F2005C4093 /* XCRemoteSwiftPackageReference "lottie-ios" */;
			productName = Lottie;
		};
/* End XCSwiftPackageProductDependency section */
	};
	rootObject = 6251E4DF2AA71D38005C4093 /* Project object */;
}
